
Microsoft Visual Studio Solution File, Format Version 12.00
# Visual Studio Version 17
VisualStudioVersion = 17.0.31903.59
MinimumVisualStudioVersion = 10.0.40219.1
Project("{2150E333-8FDC-42A3-9474-1A3956D46DE8}") = "ApiGetway", "ApiGetway", "{8E9BD025-BB80-4F46-A4AA-237A6D12BC0F}"
EndProject
Project("{FAE04EC0-301F-11D3-BF4B-00C04F79EFBC}") = "ApiGetway.Ocelot", "ApiGetway\ApiGetway.Ocelot\ApiGetway.Ocelot.csproj", "{0BB98B63-5F1D-480D-BB0D-968C390F9FB1}"
EndProject
Project("{2150E333-8FDC-42A3-9474-1A3956D46DE8}") = "Services", "Services", "{F5D67F46-2014-44C4-971E-752F5AD31BB1}"
EndProject
Project("{FAE04EC0-301F-11D3-BF4B-00C04F79EFBC}") = "Finance.Api", "Services\Finance.Api\Finance.Api.csproj", "{B1C0F2A8-6852-4CE7-A432-64E0904DC488}"
EndProject
Project("{FAE04EC0-301F-11D3-BF4B-00C04F79EFBC}") = "Geography.Api", "Services\Geography.Api\Geography.Api.csproj", "{928C44F1-3621-4DA7-9CF5-BE23E5A299F7}"
EndProject
Project("{FAE04EC0-301F-11D3-BF4B-00C04F79EFBC}") = "Inventory.Api", "Services\Inventory.Api\Inventory.Api.csproj", "{368BD05F-D18D-40DE-BA5D-784C678D2B2A}"
EndProject
Project("{FAE04EC0-301F-11D3-BF4B-00C04F79EFBC}") = "Product.Api", "Services\Product.Api\Product.Api.csproj", "{4B0809E1-047C-4332-A031-84E27C3DA3A9}"
EndProject
Project("{FAE04EC0-301F-11D3-BF4B-00C04F79EFBC}") = "Purchase.Api", "Services\Purchase.Api\Purchase.Api.csproj", "{9DBBE2FA-9190-49E3-80CB-119E297F67DF}"
EndProject
Project("{FAE04EC0-301F-11D3-BF4B-00C04F79EFBC}") = "Sales.Api", "Services\Sales.Api\Sales.Api.csproj", "{76A8F8CB-C889-4BC6-8824-03C8D0B47D92}"
EndProject
Project("{FAE04EC0-301F-11D3-BF4B-00C04F79EFBC}") = "Store.Api", "Services\Store.Api\Store.Api.csproj", "{6BF8731A-A13B-4877-93CD-6556C73308B5}"
EndProject
Project("{FAE04EC0-301F-11D3-BF4B-00C04F79EFBC}") = "User.Api", "Services\User.Api\User.Api.csproj", "{19F0F66E-354F-46EB-A64A-DF61FA5B5DBC}"
EndProject
Global
	GlobalSection(SolutionConfigurationPlatforms) = preSolution
		Debug|Any CPU = Debug|Any CPU
		Release|Any CPU = Release|Any CPU
	EndGlobalSection
	GlobalSection(SolutionProperties) = preSolution
		HideSolutionNode = FALSE
	EndGlobalSection
	GlobalSection(ProjectConfigurationPlatforms) = postSolution
		{0BB98B63-5F1D-480D-BB0D-968C390F9FB1}.Debug|Any CPU.ActiveCfg = Debug|Any CPU
		{0BB98B63-5F1D-480D-BB0D-968C390F9FB1}.Debug|Any CPU.Build.0 = Debug|Any CPU
		{0BB98B63-5F1D-480D-BB0D-968C390F9FB1}.Release|Any CPU.ActiveCfg = Release|Any CPU
		{0BB98B63-5F1D-480D-BB0D-968C390F9FB1}.Release|Any CPU.Build.0 = Release|Any CPU
		{B1C0F2A8-6852-4CE7-A432-64E0904DC488}.Debug|Any CPU.ActiveCfg = Debug|Any CPU
		{B1C0F2A8-6852-4CE7-A432-64E0904DC488}.Debug|Any CPU.Build.0 = Debug|Any CPU
		{B1C0F2A8-6852-4CE7-A432-64E0904DC488}.Release|Any CPU.ActiveCfg = Release|Any CPU
		{B1C0F2A8-6852-4CE7-A432-64E0904DC488}.Release|Any CPU.Build.0 = Release|Any CPU
		{928C44F1-3621-4DA7-9CF5-BE23E5A299F7}.Debug|Any CPU.ActiveCfg = Debug|Any CPU
		{928C44F1-3621-4DA7-9CF5-BE23E5A299F7}.Debug|Any CPU.Build.0 = Debug|Any CPU
		{928C44F1-3621-4DA7-9CF5-BE23E5A299F7}.Release|Any CPU.ActiveCfg = Release|Any CPU
		{928C44F1-3621-4DA7-9CF5-BE23E5A299F7}.Release|Any CPU.Build.0 = Release|Any CPU
		{368BD05F-D18D-40DE-BA5D-784C678D2B2A}.Debug|Any CPU.ActiveCfg = Debug|Any CPU
		{368BD05F-D18D-40DE-BA5D-784C678D2B2A}.Debug|Any CPU.Build.0 = Debug|Any CPU
		{368BD05F-D18D-40DE-BA5D-784C678D2B2A}.Release|Any CPU.ActiveCfg = Release|Any CPU
		{368BD05F-D18D-40DE-BA5D-784C678D2B2A}.Release|Any CPU.Build.0 = Release|Any CPU
		{4B0809E1-047C-4332-A031-84E27C3DA3A9}.Debug|Any CPU.ActiveCfg = Debug|Any CPU
		{4B0809E1-047C-4332-A031-84E27C3DA3A9}.Debug|Any CPU.Build.0 = Debug|Any CPU
		{4B0809E1-047C-4332-A031-84E27C3DA3A9}.Release|Any CPU.ActiveCfg = Release|Any CPU
		{4B0809E1-047C-4332-A031-84E27C3DA3A9}.Release|Any CPU.Build.0 = Release|Any CPU
		{9DBBE2FA-9190-49E3-80CB-119E297F67DF}.Debug|Any CPU.ActiveCfg = Debug|Any CPU
		{9DBBE2FA-9190-49E3-80CB-119E297F67DF}.Debug|Any CPU.Build.0 = Debug|Any CPU
		{9DBBE2FA-9190-49E3-80CB-119E297F67DF}.Release|Any CPU.ActiveCfg = Release|Any CPU
		{9DBBE2FA-9190-49E3-80CB-119E297F67DF}.Release|Any CPU.Build.0 = Release|Any CPU
		{76A8F8CB-C889-4BC6-8824-03C8D0B47D92}.Debug|Any CPU.ActiveCfg = Debug|Any CPU
		{76A8F8CB-C889-4BC6-8824-03C8D0B47D92}.Debug|Any CPU.Build.0 = Debug|Any CPU
		{76A8F8CB-C889-4BC6-8824-03C8D0B47D92}.Release|Any CPU.ActiveCfg = Release|Any CPU
		{76A8F8CB-C889-4BC6-8824-03C8D0B47D92}.Release|Any CPU.Build.0 = Release|Any CPU
		{6BF8731A-A13B-4877-93CD-6556C73308B5}.Debug|Any CPU.ActiveCfg = Debug|Any CPU
		{6BF8731A-A13B-4877-93CD-6556C73308B5}.Debug|Any CPU.Build.0 = Debug|Any CPU
		{6BF8731A-A13B-4877-93CD-6556C73308B5}.Release|Any CPU.ActiveCfg = Release|Any CPU
		{6BF8731A-A13B-4877-93CD-6556C73308B5}.Release|Any CPU.Build.0 = Release|Any CPU
		{19F0F66E-354F-46EB-A64A-DF61FA5B5DBC}.Debug|Any CPU.ActiveCfg = Debug|Any CPU
		{19F0F66E-354F-46EB-A64A-DF61FA5B5DBC}.Debug|Any CPU.Build.0 = Debug|Any CPU
		{19F0F66E-354F-46EB-A64A-DF61FA5B5DBC}.Release|Any CPU.ActiveCfg = Release|Any CPU
		{19F0F66E-354F-46EB-A64A-DF61FA5B5DBC}.Release|Any CPU.Build.0 = Release|Any CPU
	EndGlobalSection
	GlobalSection(NestedProjects) = preSolution
		{0BB98B63-5F1D-480D-BB0D-968C390F9FB1} = {8E9BD025-BB80-4F46-A4AA-237A6D12BC0F}
		{B1C0F2A8-6852-4CE7-A432-64E0904DC488} = {F5D67F46-2014-44C4-971E-752F5AD31BB1}
		{928C44F1-3621-4DA7-9CF5-BE23E5A299F7} = {F5D67F46-2014-44C4-971E-752F5AD31BB1}
		{368BD05F-D18D-40DE-BA5D-784C678D2B2A} = {F5D67F46-2014-44C4-971E-752F5AD31BB1}
		{4B0809E1-047C-4332-A031-84E27C3DA3A9} = {F5D67F46-2014-44C4-971E-752F5AD31BB1}
		{9DBBE2FA-9190-49E3-80CB-119E297F67DF} = {F5D67F46-2014-44C4-971E-752F5AD31BB1}
		{76A8F8CB-C889-4BC6-8824-03C8D0B47D92} = {F5D67F46-2014-44C4-971E-752F5AD31BB1}
		{6BF8731A-A13B-4877-93CD-6556C73308B5} = {F5D67F46-2014-44C4-971E-752F5AD31BB1}
		{19F0F66E-354F-46EB-A64A-DF61FA5B5DBC} = {F5D67F46-2014-44C4-971E-752F5AD31BB1}
	EndGlobalSection
EndGlobal
