
Microsoft Visual Studio Solution File, Format Version 12.00
# Visual Studio Version 17
VisualStudioVersion = 17.0.31903.59
MinimumVisualStudioVersion = 10.0.40219.1
Project("{2150E333-8FDC-42A3-9474-1A3956D46DE8}") = "ApiGetway", "ApiGetway", "{5B9AA3F5-2EE8-4899-97C6-CBD659035B3A}"
EndProject
Project("{FAE04EC0-301F-11D3-BF4B-00C04F79EFBC}") = "ApiGetway.Ocelot", "ApiGetway\ApiGetway.Ocelot\ApiGetway.Ocelot.csproj", "{4311C846-3C61-4FA0-BDFF-680E77B934BE}"
EndProject
Project("{2150E333-8FDC-42A3-9474-1A3956D46DE8}") = "Services", "Services", "{BBFE5523-AD90-4877-8D9E-7DB5941B53AF}"
EndProject
Project("{FAE04EC0-301F-11D3-BF4B-00C04F79EFBC}") = "Finance.Api", "Services\Finance.Api\Finance.Api.csproj", "{7D018F02-1564-472D-9EA2-A8044511C7AF}"
EndProject
Project("{FAE04EC0-301F-11D3-BF4B-00C04F79EFBC}") = "Geography.Api", "Services\Geography.Api\Geography.Api.csproj", "{312D6BD1-39F4-4021-9BE2-719A0138A320}"
EndProject
Project("{FAE04EC0-301F-11D3-BF4B-00C04F79EFBC}") = "Inventory.Api", "Services\Inventory.Api\Inventory.Api.csproj", "{45B45955-F244-45B3-8BD3-ED2728D5F045}"
EndProject
Project("{FAE04EC0-301F-11D3-BF4B-00C04F79EFBC}") = "Product.Api", "Services\Product.Api\Product.Api.csproj", "{9B86C26D-9CFF-43FD-AFD6-39429E6656E9}"
EndProject
Project("{FAE04EC0-301F-11D3-BF4B-00C04F79EFBC}") = "Purchase.Api", "Services\Purchase.Api\Purchase.Api.csproj", "{F13023DA-90BE-4D42-BBDF-0439F37ED111}"
EndProject
Project("{FAE04EC0-301F-11D3-BF4B-00C04F79EFBC}") = "Sales.Api", "Services\Sales.Api\Sales.Api.csproj", "{D82DBB75-78A1-4F0B-AA4B-F7A906950792}"
EndProject
Project("{FAE04EC0-301F-11D3-BF4B-00C04F79EFBC}") = "Store.Api", "Services\Store.Api\Store.Api.csproj", "{96683560-19C7-48A4-A5A4-949EDF957185}"
EndProject
Project("{FAE04EC0-301F-11D3-BF4B-00C04F79EFBC}") = "User.Api", "Services\User.Api\User.Api.csproj", "{A3696C58-9486-44B9-85E9-7BEA1B5ABD62}"
EndProject
Global
	GlobalSection(SolutionConfigurationPlatforms) = preSolution
		Debug|Any CPU = Debug|Any CPU
		Release|Any CPU = Release|Any CPU
	EndGlobalSection
	GlobalSection(SolutionProperties) = preSolution
		HideSolutionNode = FALSE
	EndGlobalSection
	GlobalSection(ProjectConfigurationPlatforms) = postSolution
		{4311C846-3C61-4FA0-BDFF-680E77B934BE}.Debug|Any CPU.ActiveCfg = Debug|Any CPU
		{4311C846-3C61-4FA0-BDFF-680E77B934BE}.Debug|Any CPU.Build.0 = Debug|Any CPU
		{4311C846-3C61-4FA0-BDFF-680E77B934BE}.Release|Any CPU.ActiveCfg = Release|Any CPU
		{4311C846-3C61-4FA0-BDFF-680E77B934BE}.Release|Any CPU.Build.0 = Release|Any CPU
		{7D018F02-1564-472D-9EA2-A8044511C7AF}.Debug|Any CPU.ActiveCfg = Debug|Any CPU
		{7D018F02-1564-472D-9EA2-A8044511C7AF}.Debug|Any CPU.Build.0 = Debug|Any CPU
		{7D018F02-1564-472D-9EA2-A8044511C7AF}.Release|Any CPU.ActiveCfg = Release|Any CPU
		{7D018F02-1564-472D-9EA2-A8044511C7AF}.Release|Any CPU.Build.0 = Release|Any CPU
		{312D6BD1-39F4-4021-9BE2-719A0138A320}.Debug|Any CPU.ActiveCfg = Debug|Any CPU
		{312D6BD1-39F4-4021-9BE2-719A0138A320}.Debug|Any CPU.Build.0 = Debug|Any CPU
		{312D6BD1-39F4-4021-9BE2-719A0138A320}.Release|Any CPU.ActiveCfg = Release|Any CPU
		{312D6BD1-39F4-4021-9BE2-719A0138A320}.Release|Any CPU.Build.0 = Release|Any CPU
		{45B45955-F244-45B3-8BD3-ED2728D5F045}.Debug|Any CPU.ActiveCfg = Debug|Any CPU
		{45B45955-F244-45B3-8BD3-ED2728D5F045}.Debug|Any CPU.Build.0 = Debug|Any CPU
		{45B45955-F244-45B3-8BD3-ED2728D5F045}.Release|Any CPU.ActiveCfg = Release|Any CPU
		{45B45955-F244-45B3-8BD3-ED2728D5F045}.Release|Any CPU.Build.0 = Release|Any CPU
		{9B86C26D-9CFF-43FD-AFD6-39429E6656E9}.Debug|Any CPU.ActiveCfg = Debug|Any CPU
		{9B86C26D-9CFF-43FD-AFD6-39429E6656E9}.Debug|Any CPU.Build.0 = Debug|Any CPU
		{9B86C26D-9CFF-43FD-AFD6-39429E6656E9}.Release|Any CPU.ActiveCfg = Release|Any CPU
		{9B86C26D-9CFF-43FD-AFD6-39429E6656E9}.Release|Any CPU.Build.0 = Release|Any CPU
		{F13023DA-90BE-4D42-BBDF-0439F37ED111}.Debug|Any CPU.ActiveCfg = Debug|Any CPU
		{F13023DA-90BE-4D42-BBDF-0439F37ED111}.Debug|Any CPU.Build.0 = Debug|Any CPU
		{F13023DA-90BE-4D42-BBDF-0439F37ED111}.Release|Any CPU.ActiveCfg = Release|Any CPU
		{F13023DA-90BE-4D42-BBDF-0439F37ED111}.Release|Any CPU.Build.0 = Release|Any CPU
		{D82DBB75-78A1-4F0B-AA4B-F7A906950792}.Debug|Any CPU.ActiveCfg = Debug|Any CPU
		{D82DBB75-78A1-4F0B-AA4B-F7A906950792}.Debug|Any CPU.Build.0 = Debug|Any CPU
		{D82DBB75-78A1-4F0B-AA4B-F7A906950792}.Release|Any CPU.ActiveCfg = Release|Any CPU
		{D82DBB75-78A1-4F0B-AA4B-F7A906950792}.Release|Any CPU.Build.0 = Release|Any CPU
		{96683560-19C7-48A4-A5A4-949EDF957185}.Debug|Any CPU.ActiveCfg = Debug|Any CPU
		{96683560-19C7-48A4-A5A4-949EDF957185}.Debug|Any CPU.Build.0 = Debug|Any CPU
		{96683560-19C7-48A4-A5A4-949EDF957185}.Release|Any CPU.ActiveCfg = Release|Any CPU
		{96683560-19C7-48A4-A5A4-949EDF957185}.Release|Any CPU.Build.0 = Release|Any CPU
		{A3696C58-9486-44B9-85E9-7BEA1B5ABD62}.Debug|Any CPU.ActiveCfg = Debug|Any CPU
		{A3696C58-9486-44B9-85E9-7BEA1B5ABD62}.Debug|Any CPU.Build.0 = Debug|Any CPU
		{A3696C58-9486-44B9-85E9-7BEA1B5ABD62}.Release|Any CPU.ActiveCfg = Release|Any CPU
		{A3696C58-9486-44B9-85E9-7BEA1B5ABD62}.Release|Any CPU.Build.0 = Release|Any CPU
	EndGlobalSection
	GlobalSection(NestedProjects) = preSolution
		{4311C846-3C61-4FA0-BDFF-680E77B934BE} = {5B9AA3F5-2EE8-4899-97C6-CBD659035B3A}
		{7D018F02-1564-472D-9EA2-A8044511C7AF} = {BBFE5523-AD90-4877-8D9E-7DB5941B53AF}
		{312D6BD1-39F4-4021-9BE2-719A0138A320} = {BBFE5523-AD90-4877-8D9E-7DB5941B53AF}
		{45B45955-F244-45B3-8BD3-ED2728D5F045} = {BBFE5523-AD90-4877-8D9E-7DB5941B53AF}
		{9B86C26D-9CFF-43FD-AFD6-39429E6656E9} = {BBFE5523-AD90-4877-8D9E-7DB5941B53AF}
		{F13023DA-90BE-4D42-BBDF-0439F37ED111} = {BBFE5523-AD90-4877-8D9E-7DB5941B53AF}
		{D82DBB75-78A1-4F0B-AA4B-F7A906950792} = {BBFE5523-AD90-4877-8D9E-7DB5941B53AF}
		{96683560-19C7-48A4-A5A4-949EDF957185} = {BBFE5523-AD90-4877-8D9E-7DB5941B53AF}
		{A3696C58-9486-44B9-85E9-7BEA1B5ABD62} = {BBFE5523-AD90-4877-8D9E-7DB5941B53AF}
	EndGlobalSection
EndGlobal
